
Microsoft Visual Studio Solution File, Format Version 12.00
# Visual Studio Version 17
VisualStudioVersion = 17.4.33103.184
MinimumVisualStudioVersion = 10.0.40219.1
Project("{FAE04EC0-301F-11D3-BF4B-00C04F79EFBC}") = "ConsoleApp1", "ConsoleApp1\ConsoleApp1.csproj", "{C9D6F31E-D5AD-45EB-83D0-EB4AA8AC282A}"
EndProject
Global
	GlobalSection(SolutionConfigurationPlatforms) = preSolution
		Debug|Any CPU = Debug|Any CPU
		Release|Any CPU = Release|Any CPU
	EndGlobalSection
	GlobalSection(ProjectConfigurationPlatforms) = postSolution
		{C9D6F31E-D5AD-45EB-83D0-EB4AA8AC282A}.Debug|Any CPU.ActiveCfg = Debug|Any CPU
		{C9D6F31E-D5AD-45EB-83D0-EB4AA8AC282A}.Debug|Any CPU.Build.0 = Debug|Any CPU
		{C9D6F31E-D5AD-45EB-83D0-EB4AA8AC282A}.Release|Any CPU.ActiveCfg = Release|Any CPU
		{C9D6F31E-D5AD-45EB-83D0-EB4AA8AC282A}.Release|Any CPU.Build.0 = Release|Any CPU
	EndGlobalSection
	GlobalSection(SolutionProperties) = preSolution
		HideSolutionNode = FALSE
	EndGlobalSection
	GlobalSection(ExtensibilityGlobals) = postSolution
		SolutionGuid = {25582811-1DF9-4375-8AB9-50EB4469CA0D}
	EndGlobalSection
EndGlobal
