
Microsoft Visual Studio Solution File, Format Version 12.00
# Visual Studio Version 16
VisualStudioVersion = 16.0.32510.428
MinimumVisualStudioVersion = 10.0.40219.1
Project("{FAE04EC0-301F-11D3-BF4B-00C04F79EFBC}") = "Ex06", "Ex06\Ex06.csproj", "{263A7CAB-B3F8-4BD4-AF6E-B087B7C286F0}"
EndProject
Global
	GlobalSection(SolutionConfigurationPlatforms) = preSolution
		Debug|Any CPU = Debug|Any CPU
		Release|Any CPU = Release|Any CPU
	EndGlobalSection
	GlobalSection(ProjectConfigurationPlatforms) = postSolution
		{263A7CAB-B3F8-4BD4-AF6E-B087B7C286F0}.Debug|Any CPU.ActiveCfg = Debug|Any CPU
		{263A7CAB-B3F8-4BD4-AF6E-B087B7C286F0}.Debug|Any CPU.Build.0 = Debug|Any CPU
		{263A7CAB-B3F8-4BD4-AF6E-B087B7C286F0}.Release|Any CPU.ActiveCfg = Release|Any CPU
		{263A7CAB-B3F8-4BD4-AF6E-B087B7C286F0}.Release|Any CPU.Build.0 = Release|Any CPU
	EndGlobalSection
	GlobalSection(SolutionProperties) = preSolution
		HideSolutionNode = FALSE
	EndGlobalSection
	GlobalSection(ExtensibilityGlobals) = postSolution
		SolutionGuid = {D92C6A6C-1221-4E49-9EC9-E852949306ED}
	EndGlobalSection
EndGlobal
