
Microsoft Visual Studio Solution File, Format Version 12.00
# Visual Studio Version 17
VisualStudioVersion = 17.9.34607.119
MinimumVisualStudioVersion = 10.0.40219.1
Project("{FAE04EC0-301F-11D3-BF4B-00C04F79EFBC}") = "Exercise01", "Exercise01\Exercise01.csproj", "{451C8823-77EA-4F23-9208-2A1EAD905FEE}"
EndProject
Project("{FAE04EC0-301F-11D3-BF4B-00C04F79EFBC}") = "Exercise02", "Exercise02\Exercise02.csproj", "{88CD6EB4-0831-4E5B-97F4-AA1598083D06}"
EndProject
Project("{FAE04EC0-301F-11D3-BF4B-00C04F79EFBC}") = "Exercise03", "Exercise03\Exercise03.csproj", "{E69F6452-3957-463E-A4A9-3DDBBD5612CE}"
EndProject
Global
	GlobalSection(SolutionConfigurationPlatforms) = preSolution
		Debug|Any CPU = Debug|Any CPU
		Release|Any CPU = Release|Any CPU
	EndGlobalSection
	GlobalSection(ProjectConfigurationPlatforms) = postSolution
		{451C8823-77EA-4F23-9208-2A1EAD905FEE}.Debug|Any CPU.ActiveCfg = Debug|Any CPU
		{451C8823-77EA-4F23-9208-2A1EAD905FEE}.Debug|Any CPU.Build.0 = Debug|Any CPU
		{451C8823-77EA-4F23-9208-2A1EAD905FEE}.Release|Any CPU.ActiveCfg = Release|Any CPU
		{451C8823-77EA-4F23-9208-2A1EAD905FEE}.Release|Any CPU.Build.0 = Release|Any CPU
		{88CD6EB4-0831-4E5B-97F4-AA1598083D06}.Debug|Any CPU.ActiveCfg = Debug|Any CPU
		{88CD6EB4-0831-4E5B-97F4-AA1598083D06}.Debug|Any CPU.Build.0 = Debug|Any CPU
		{88CD6EB4-0831-4E5B-97F4-AA1598083D06}.Release|Any CPU.ActiveCfg = Release|Any CPU
		{88CD6EB4-0831-4E5B-97F4-AA1598083D06}.Release|Any CPU.Build.0 = Release|Any CPU
		{E69F6452-3957-463E-A4A9-3DDBBD5612CE}.Debug|Any CPU.ActiveCfg = Debug|Any CPU
		{E69F6452-3957-463E-A4A9-3DDBBD5612CE}.Debug|Any CPU.Build.0 = Debug|Any CPU
		{E69F6452-3957-463E-A4A9-3DDBBD5612CE}.Release|Any CPU.ActiveCfg = Release|Any CPU
		{E69F6452-3957-463E-A4A9-3DDBBD5612CE}.Release|Any CPU.Build.0 = Release|Any CPU
	EndGlobalSection
	GlobalSection(SolutionProperties) = preSolution
		HideSolutionNode = FALSE
	EndGlobalSection
	GlobalSection(ExtensibilityGlobals) = postSolution
		SolutionGuid = {4BEA08F4-D3A5-4A6B-A9C8-BC6D22420F9C}
	EndGlobalSection
EndGlobal
