
Microsoft Visual Studio Solution File, Format Version 12.00
# Visual Studio Version 17
VisualStudioVersion = 17.4.33103.184
MinimumVisualStudioVersion = 10.0.40219.1
Project("{FAE04EC0-301F-11D3-BF4B-00C04F79EFBC}") = "Ex01", "Ex01\Ex01.csproj", "{660DE6F5-CF8A-47D8-B26E-AABE4AF31B3E}"
EndProject
Global
	GlobalSection(SolutionConfigurationPlatforms) = preSolution
		Debug|Any CPU = Debug|Any CPU
		Release|Any CPU = Release|Any CPU
	EndGlobalSection
	GlobalSection(ProjectConfigurationPlatforms) = postSolution
		{660DE6F5-CF8A-47D8-B26E-AABE4AF31B3E}.Debug|Any CPU.ActiveCfg = Debug|Any CPU
		{660DE6F5-CF8A-47D8-B26E-AABE4AF31B3E}.Debug|Any CPU.Build.0 = Debug|Any CPU
		{660DE6F5-CF8A-47D8-B26E-AABE4AF31B3E}.Release|Any CPU.ActiveCfg = Release|Any CPU
		{660DE6F5-CF8A-47D8-B26E-AABE4AF31B3E}.Release|Any CPU.Build.0 = Release|Any CPU
	EndGlobalSection
	GlobalSection(SolutionProperties) = preSolution
		HideSolutionNode = FALSE
	EndGlobalSection
	GlobalSection(ExtensibilityGlobals) = postSolution
		SolutionGuid = {98A62A5D-5676-45C7-92EC-62DA1F38558D}
	EndGlobalSection
EndGlobal
