
Microsoft Visual Studio Solution File, Format Version 12.00
# Visual Studio Version 17
VisualStudioVersion = 17.4.33103.184
MinimumVisualStudioVersion = 10.0.40219.1
Project("{FAE04EC0-301F-11D3-BF4B-00C04F79EFBC}") = "ConsoleApp1", "ConsoleApp1\ConsoleApp1.csproj", "{D46ADC15-A8C6-4EC4-B0C9-6F96135F9D6B}"
EndProject
Global
	GlobalSection(SolutionConfigurationPlatforms) = preSolution
		Debug|Any CPU = Debug|Any CPU
		Release|Any CPU = Release|Any CPU
	EndGlobalSection
	GlobalSection(ProjectConfigurationPlatforms) = postSolution
		{D46ADC15-A8C6-4EC4-B0C9-6F96135F9D6B}.Debug|Any CPU.ActiveCfg = Debug|Any CPU
		{D46ADC15-A8C6-4EC4-B0C9-6F96135F9D6B}.Debug|Any CPU.Build.0 = Debug|Any CPU
		{D46ADC15-A8C6-4EC4-B0C9-6F96135F9D6B}.Release|Any CPU.ActiveCfg = Release|Any CPU
		{D46ADC15-A8C6-4EC4-B0C9-6F96135F9D6B}.Release|Any CPU.Build.0 = Release|Any CPU
	EndGlobalSection
	GlobalSection(SolutionProperties) = preSolution
		HideSolutionNode = FALSE
	EndGlobalSection
	GlobalSection(ExtensibilityGlobals) = postSolution
		SolutionGuid = {37CBE48C-DF15-446E-BB95-39315F4B9AAA}
	EndGlobalSection
EndGlobal
