
Microsoft Visual Studio Solution File, Format Version 12.00
# Visual Studio Version 16
VisualStudioVersion = 16.0.32510.428
MinimumVisualStudioVersion = 10.0.40219.1
Project("{FAE04EC0-301F-11D3-BF4B-00C04F79EFBC}") = "ConsoleApp1", "ConsoleApp1\ConsoleApp1.csproj", "{467E0B19-325A-4F26-BA90-BB17639B6BB9}"
EndProject
Global
	GlobalSection(SolutionConfigurationPlatforms) = preSolution
		Debug|Any CPU = Debug|Any CPU
		Release|Any CPU = Release|Any CPU
	EndGlobalSection
	GlobalSection(ProjectConfigurationPlatforms) = postSolution
		{467E0B19-325A-4F26-BA90-BB17639B6BB9}.Debug|Any CPU.ActiveCfg = Debug|Any CPU
		{467E0B19-325A-4F26-BA90-BB17639B6BB9}.Debug|Any CPU.Build.0 = Debug|Any CPU
		{467E0B19-325A-4F26-BA90-BB17639B6BB9}.Release|Any CPU.ActiveCfg = Release|Any CPU
		{467E0B19-325A-4F26-BA90-BB17639B6BB9}.Release|Any CPU.Build.0 = Release|Any CPU
	EndGlobalSection
	GlobalSection(SolutionProperties) = preSolution
		HideSolutionNode = FALSE
	EndGlobalSection
	GlobalSection(ExtensibilityGlobals) = postSolution
		SolutionGuid = {5D6BA4AD-7526-4269-B86A-99F5E7FC85CC}
	EndGlobalSection
EndGlobal
