
Microsoft Visual Studio Solution File, Format Version 12.00
# Visual Studio Version 16
VisualStudioVersion = 16.0.32510.428
MinimumVisualStudioVersion = 10.0.40219.1
Project("{FAE04EC0-301F-11D3-BF4B-00C04F79EFBC}") = "ConsoleApp2", "ConsoleApp2\ConsoleApp2.csproj", "{31A4EEF5-883C-49BF-A598-9BAB486B79B2}"
EndProject
Global
	GlobalSection(SolutionConfigurationPlatforms) = preSolution
		Debug|Any CPU = Debug|Any CPU
		Release|Any CPU = Release|Any CPU
	EndGlobalSection
	GlobalSection(ProjectConfigurationPlatforms) = postSolution
		{31A4EEF5-883C-49BF-A598-9BAB486B79B2}.Debug|Any CPU.ActiveCfg = Debug|Any CPU
		{31A4EEF5-883C-49BF-A598-9BAB486B79B2}.Debug|Any CPU.Build.0 = Debug|Any CPU
		{31A4EEF5-883C-49BF-A598-9BAB486B79B2}.Release|Any CPU.ActiveCfg = Release|Any CPU
		{31A4EEF5-883C-49BF-A598-9BAB486B79B2}.Release|Any CPU.Build.0 = Release|Any CPU
	EndGlobalSection
	GlobalSection(SolutionProperties) = preSolution
		HideSolutionNode = FALSE
	EndGlobalSection
	GlobalSection(ExtensibilityGlobals) = postSolution
		SolutionGuid = {64EF5CD5-0015-4DBE-B0D3-CDD9AFD563EF}
	EndGlobalSection
EndGlobal
